Microsoft Visual Studio Solution File, Format Version 12.00
# Visual Studio Version 17
VisualStudioVersion = 17.5.2.0
MinimumVisualStudioVersion = 10.0.40219.1
Project("{2150E333-8FDC-42A3-9474-1A3956D46DE8}") = "dotnet", "dotnet", "{71E6E750-85FD-B5BC-4321-E01377EC6231}"
EndProject
Project("{2150E333-8FDC-42A3-9474-1A3956D46DE8}") = "bridge", "bridge", "{60A99A86-6566-9197-F191-05072EE1428F}"
EndProject
Project("{FAE04EC0-301F-11D3-BF4B-00C04F79EFBC}") = "VfpWebViewBridge", "dotnet\bridge\VfpWebViewBridge.csproj", "{D496C052-3B6E-5857-3249-4A0635EEC38E}"
EndProject
Project("{2150E333-8FDC-42A3-9474-1A3956D46DE8}") = "host", "host", "{1AAD1976-C32E-519F-FC3D-63C77F7EEBBF}"
EndProject
Project("{FAE04EC0-301F-11D3-BF4B-00C04F79EFBC}") = "VfpWebViewHost", "dotnet\host\VfpWebViewHost.csproj", "{B019139D-C273-336A-2E3F-CB44743169F4}"
EndProject
Global
	GlobalSection(SolutionConfigurationPlatforms) = preSolution
		Debug|Any CPU = Debug|Any CPU
		Release|Any CPU = Release|Any CPU
	EndGlobalSection
	GlobalSection(ProjectConfigurationPlatforms) = postSolution
		{D496C052-3B6E-5857-3249-4A0635EEC38E}.Debug|Any CPU.ActiveCfg = Debug|Any CPU
		{D496C052-3B6E-5857-3249-4A0635EEC38E}.Debug|Any CPU.Build.0 = Debug|Any CPU
		{D496C052-3B6E-5857-3249-4A0635EEC38E}.Release|Any CPU.ActiveCfg = Release|Any CPU
		{D496C052-3B6E-5857-3249-4A0635EEC38E}.Release|Any CPU.Build.0 = Release|Any CPU
		{B019139D-C273-336A-2E3F-CB44743169F4}.Debug|Any CPU.ActiveCfg = Debug|Any CPU
		{B019139D-C273-336A-2E3F-CB44743169F4}.Debug|Any CPU.Build.0 = Debug|Any CPU
		{B019139D-C273-336A-2E3F-CB44743169F4}.Release|Any CPU.ActiveCfg = Release|Any CPU
		{B019139D-C273-336A-2E3F-CB44743169F4}.Release|Any CPU.Build.0 = Release|Any CPU
	EndGlobalSection
	GlobalSection(SolutionProperties) = preSolution
		HideSolutionNode = FALSE
	EndGlobalSection
	GlobalSection(NestedProjects) = preSolution
		{60A99A86-6566-9197-F191-05072EE1428F} = {71E6E750-85FD-B5BC-4321-E01377EC6231}
		{D496C052-3B6E-5857-3249-4A0635EEC38E} = {60A99A86-6566-9197-F191-05072EE1428F}
		{1AAD1976-C32E-519F-FC3D-63C77F7EEBBF} = {71E6E750-85FD-B5BC-4321-E01377EC6231}
		{B019139D-C273-336A-2E3F-CB44743169F4} = {1AAD1976-C32E-519F-FC3D-63C77F7EEBBF}
	EndGlobalSection
	GlobalSection(ExtensibilityGlobals) = postSolution
		SolutionGuid = {B42FC3EA-0E25-4CE6-B4F2-7FD8FC5A4C6E}
	EndGlobalSection
EndGlobal
